// !$*UTF8*$!
{
	archiveVersion = 1;
	classes = {
	};
	objectVersion = 46;
	objects = {

/* Begin PBXBuildFile section */
		06963E121C0315EE00D8A690 /* AppDelegate.swift in Sources */ = {isa = PBXBuildFile; fileRef = 06963E111C0315EE00D8A690 /* AppDelegate.swift */; };
		06963E151C0315EE00D8A690 /* TweeterTags.xcdatamodeld in Sources */ = {isa = PBXBuildFile; fileRef = 06963E131C0315EE00D8A690 /* TweeterTags.xcdatamodeld */; };
		06963E1A1C0315EE00D8A690 /* Main.storyboard in Resources */ = {isa = PBXBuildFile; fileRef = 06963E181C0315EE00D8A690 /* Main.storyboard */; };
		06963E1C1C0315EE00D8A690 /* Images.xcassets in Resources */ = {isa = PBXBuildFile; fileRef = 06963E1B1C0315EE00D8A690 /* Images.xcassets */; };
		06963E1F1C0315EE00D8A690 /* LaunchScreen.xib in Resources */ = {isa = PBXBuildFile; fileRef = 06963E1D1C0315EE00D8A690 /* LaunchScreen.xib */; };
		06963E2B1C0315EE00D8A690 /* TweeterTagsTests.swift in Sources */ = {isa = PBXBuildFile; fileRef = 06963E2A1C0315EE00D8A690 /* TweeterTagsTests.swift */; };
		06963E391C03160600D8A690 /* MediaItem.swift in Sources */ = {isa = PBXBuildFile; fileRef = 06963E351C03160600D8A690 /* MediaItem.swift */; };
		06963E3A1C03160600D8A690 /* Tweet.swift in Sources */ = {isa = PBXBuildFile; fileRef = 06963E361C03160600D8A690 /* Tweet.swift */; };
		06963E3B1C03160600D8A690 /* TwitterRequest.swift in Sources */ = {isa = PBXBuildFile; fileRef = 06963E371C03160600D8A690 /* TwitterRequest.swift */; };
		06963E3C1C03160600D8A690 /* User.swift in Sources */ = {isa = PBXBuildFile; fileRef = 06963E381C03160600D8A690 /* User.swift */; };
		06963E3E1C0316AA00D8A690 /* TweetTableViewController.swift in Sources */ = {isa = PBXBuildFile; fileRef = 06963E3D1C0316AA00D8A690 /* TweetTableViewController.swift */; };
		06963E401C042CFA00D8A690 /* TweetTableViewCell.swift in Sources */ = {isa = PBXBuildFile; fileRef = 06963E3F1C042CFA00D8A690 /* TweetTableViewCell.swift */; };
/* End PBXBuildFile section */

/* Begin PBXContainerItemProxy section */
		06963E251C0315EE00D8A690 /* PBXContainerItemProxy */ = {
			isa = PBXContainerItemProxy;
			containerPortal = 06963E041C0315EE00D8A690 /* Project object */;
			proxyType = 1;
			remoteGlobalIDString = 06963E0B1C0315EE00D8A690;
			remoteInfo = TweeterTags;
		};
/* End PBXContainerItemProxy section */

/* Begin PBXFileReference section */
		06963E0C1C0315EE00D8A690 /* TweeterTags.app */ = {isa = PBXFileReference; explicitFileType = wrapper.application; includeInIndex = 0; path = TweeterTags.app; sourceTree = BUILT_PRODUCTS_DIR; };
		06963E101C0315EE00D8A690 /* Info.plist */ = {isa = PBXFileReference; lastKnownFileType = text.plist.xml; path = Info.plist; sourceTree = "<group>"; };
		06963E111C0315EE00D8A690 /* AppDelegate.swift */ = {isa = PBXFileReference; lastKnownFileType = sourcecode.swift; path = AppDelegate.swift; sourceTree = "<group>"; };
		06963E141C0315EE00D8A690 /* TweeterTags.xcdatamodel */ = {isa = PBXFileReference; lastKnownFileType = wrapper.xcdatamodel; path = TweeterTags.xcdatamodel; sourceTree = "<group>"; };
		06963E191C0315EE00D8A690 /* Base */ = {isa = PBXFileReference; lastKnownFileType = file.storyboard; name = Base; path = Base.lproj/Main.storyboard; sourceTree = "<group>"; };
		06963E1B1C0315EE00D8A690 /* Images.xcassets */ = {isa = PBXFileReference; lastKnownFileType = folder.assetcatalog; path = Images.xcassets; sourceTree = "<group>"; };
		06963E1E1C0315EE00D8A690 /* Base */ = {isa = PBXFileReference; lastKnownFileType = file.xib; name = Base; path = Base.lproj/LaunchScreen.xib; sourceTree = "<group>"; };
		06963E241C0315EE00D8A690 /* TweeterTagsTests.xctest */ = {isa = PBXFileReference; explicitFileType = wrapper.cfbundle; includeInIndex = 0; path = TweeterTagsTests.xctest; sourceTree = BUILT_PRODUCTS_DIR; };
		06963E291C0315EE00D8A690 /* Info.plist */ = {isa = PBXFileReference; lastKnownFileType = text.plist.xml; path = Info.plist; sourceTree = "<group>"; };
		06963E2A1C0315EE00D8A690 /* TweeterTagsTests.swift */ = {isa = PBXFileReference; lastKnownFileType = sourcecode.swift; path = TweeterTagsTests.swift; sourceTree = "<group>"; };
		06963E351C03160600D8A690 /* MediaItem.swift */ = {isa = PBXFileReference; fileEncoding = 4; lastKnownFileType = sourcecode.swift; path = MediaItem.swift; sourceTree = "<group>"; };
		06963E361C03160600D8A690 /* Tweet.swift */ = {isa = PBXFileReference; fileEncoding = 4; lastKnownFileType = sourcecode.swift; path = Tweet.swift; sourceTree = "<group>"; };
		06963E371C03160600D8A690 /* TwitterRequest.swift */ = {isa = PBXFileReference; fileEncoding = 4; lastKnownFileType = sourcecode.swift; path = TwitterRequest.swift; sourceTree = "<group>"; };
		06963E381C03160600D8A690 /* User.swift */ = {isa = PBXFileReference; fileEncoding = 4; lastKnownFileType = sourcecode.swift; path = User.swift; sourceTree = "<group>"; };
		06963E3D1C0316AA00D8A690 /* TweetTableViewController.swift */ = {isa = PBXFileReference; fileEncoding = 4; lastKnownFileType = sourcecode.swift; name = TweetTableViewController.swift; path = ../TweetTableViewController.swift; sourceTree = "<group>"; };
		06963E3F1C042CFA00D8A690 /* TweetTableViewCell.swift */ = {isa = PBXFileReference; fileEncoding = 4; lastKnownFileType = sourcecode.swift; name = TweetTableViewCell.swift; path = ../TweetTableViewCell.swift; sourceTree = "<group>"; };
/* End PBXFileReference section */

/* Begin PBXFrameworksBuildPhase section */
		06963E091C0315EE00D8A690 /* Frameworks */ = {
			isa = PBXFrameworksBuildPhase;
			buildActionMask = 2147483647;
			files = (
			);
			runOnlyForDeploymentPostprocessing = 0;
		};
		06963E211C0315EE00D8A690 /* Frameworks */ = {
			isa = PBXFrameworksBuildPhase;
			buildActionMask = 2147483647;
			files = (
			);
			runOnlyForDeploymentPostprocessing = 0;
		};
/* End PBXFrameworksBuildPhase section */

/* Begin PBXGroup section */
		06963E031C0315EE00D8A690 = {
			isa = PBXGroup;
			children = (
				06963E0E1C0315EE00D8A690 /* TweeterTags */,
				06963E271C0315EE00D8A690 /* TweeterTagsTests */,
				06963E0D1C0315EE00D8A690 /* Products */,
			);
			sourceTree = "<group>";
		};
		06963E0D1C0315EE00D8A690 /* Products */ = {
			isa = PBXGroup;
			children = (
				06963E0C1C0315EE00D8A690 /* TweeterTags.app */,
				06963E241C0315EE00D8A690 /* TweeterTagsTests.xctest */,
			);
			name = Products;
			sourceTree = "<group>";
		};
		06963E0E1C0315EE00D8A690 /* TweeterTags */ = {
			isa = PBXGroup;
			children = (
				06963E3D1C0316AA00D8A690 /* TweetTableViewController.swift */,
				06963E3F1C042CFA00D8A690 /* TweetTableViewCell.swift */,
				06963E111C0315EE00D8A690 /* AppDelegate.swift */,
				06963E181C0315EE00D8A690 /* Main.storyboard */,
				06963E341C03160600D8A690 /* Twitter */,
				06963E0F1C0315EE00D8A690 /* Supporting Files */,
			);
			path = TweeterTags;
			sourceTree = "<group>";
		};
		06963E0F1C0315EE00D8A690 /* Supporting Files */ = {
			isa = PBXGroup;
			children = (
				06963E1B1C0315EE00D8A690 /* Images.xcassets */,
				06963E1D1C0315EE00D8A690 /* LaunchScreen.xib */,
				06963E131C0315EE00D8A690 /* TweeterTags.xcdatamodeld */,
				06963E101C0315EE00D8A690 /* Info.plist */,
			);
			name = "Supporting Files";
			sourceTree = "<group>";
		};
		06963E271C0315EE00D8A690 /* TweeterTagsTests */ = {
			isa = PBXGroup;
			children = (
				06963E2A1C0315EE00D8A690 /* TweeterTagsTests.swift */,
				06963E281C0315EE00D8A690 /* Supporting Files */,
			);
			path = TweeterTagsTests;
			sourceTree = "<group>";
		};
		06963E281C0315EE00D8A690 /* Supporting Files */ = {
			isa = PBXGroup;
			children = (
				06963E291C0315EE00D8A690 /* Info.plist */,
			);
			name = "Supporting Files";
			sourceTree = "<group>";
		};
		06963E341C03160600D8A690 /* Twitter */ = {
			isa = PBXGroup;
			children = (
				06963E351C03160600D8A690 /* MediaItem.swift */,
				06963E361C03160600D8A690 /* Tweet.swift */,
				06963E371C03160600D8A690 /* TwitterRequest.swift */,
				06963E381C03160600D8A690 /* User.swift */,
			);
			path = Twitter;
			sourceTree = "<group>";
		};
/* End PBXGroup section */

/* Begin PBXNativeTarget section */
		06963E0B1C0315EE00D8A690 /* TweeterTags */ = {
			isa = PBXNativeTarget;
			buildConfigurationList = 06963E2E1C0315EE00D8A690 /* Build configuration list for PBXNativeTarget "TweeterTags" */;
			buildPhases = (
				06963E081C0315EE00D8A690 /* Sources */,
				06963E091C0315EE00D8A690 /* Frameworks */,
				06963E0A1C0315EE00D8A690 /* Resources */,
			);
			buildRules = (
			);
			dependencies = (
			);
			name = TweeterTags;
			productName = TweeterTags;
			productReference = 06963E0C1C0315EE00D8A690 /* TweeterTags.app */;
			productType = "com.apple.product-type.application";
		};
		06963E231C0315EE00D8A690 /* TweeterTagsTests */ = {
			isa = PBXNativeTarget;
			buildConfigurationList = 06963E311C0315EE00D8A690 /* Build configuration list for PBXNativeTarget "TweeterTagsTests" */;
			buildPhases = (
				06963E201C0315EE00D8A690 /* Sources */,
				06963E211C0315EE00D8A690 /* Frameworks */,
				06963E221C0315EE00D8A690 /* Resources */,
			);
			buildRules = (
			);
			dependencies = (
				06963E261C0315EE00D8A690 /* PBXTargetDependency */,
			);
			name = TweeterTagsTests;
			productName = TweeterTagsTests;
			productReference = 06963E241C0315EE00D8A690 /* TweeterTagsTests.xctest */;
			productType = "com.apple.product-type.bundle.unit-test";
		};
/* End PBXNativeTarget section */

/* Begin PBXProject section */
		06963E041C0315EE00D8A690 /* Project object */ = {
			isa = PBXProject;
			attributes = {
				LastUpgradeCheck = 0640;
				ORGANIZATIONNAME = Midori.s;
				TargetAttributes = {
					06963E0B1C0315EE00D8A690 = {
						CreatedOnToolsVersion = 6.4;
					};
					06963E231C0315EE00D8A690 = {
						CreatedOnToolsVersion = 6.4;
						TestTargetID = 06963E0B1C0315EE00D8A690;
					};
				};
			};
			buildConfigurationList = 06963E071C0315EE00D8A690 /* Build configuration list for PBXProject "TweeterTags" */;
			compatibilityVersion = "Xcode 3.2";
			developmentRegion = English;
			hasScannedForEncodings = 0;
			knownRegions = (
				en,
				Base,
			);
			mainGroup = 06963E031C0315EE00D8A690;
			productRefGroup = 06963E0D1C0315EE00D8A690 /* Products */;
			projectDirPath = "";
			projectRoot = "";
			targets = (
				06963E0B1C0315EE00D8A690 /* TweeterTags */,
				06963E231C0315EE00D8A690 /* TweeterTagsTests */,
			);
		};
/* End PBXProject section */

/* Begin PBXResourcesBuildPhase section */
		06963E0A1C0315EE00D8A690 /* Resources */ = {
			isa = PBXResourcesBuildPhase;
			buildActionMask = 2147483647;
			files = (
				06963E1A1C0315EE00D8A690 /* Main.storyboard in Resources */,
				06963E1F1C0315EE00D8A690 /* LaunchScreen.xib in Resources */,
				06963E1C1C0315EE00D8A690 /* Images.xcassets in Resources */,
			);
			runOnlyForDeploymentPostprocessing = 0;
		};
		06963E221C0315EE00D8A690 /* Resources */ = {
			isa = PBXResourcesBuildPhase;
			buildActionMask = 2147483647;
			files = (
			);
			runOnlyForDeploymentPostprocessing = 0;
		};
/* End PBXResourcesBuildPhase section */

/* Begin PBXSourcesBuildPhase section */
		06963E081C0315EE00D8A690 /* Sources */ = {
			isa = PBXSourcesBuildPhase;
			buildActionMask = 2147483647;
			files = (
				06963E3E1C0316AA00D8A690 /* TweetTableViewController.swift in Sources */,
				06963E3A1C03160600D8A690 /* Tweet.swift in Sources */,
				06963E391C03160600D8A690 /* MediaItem.swift in Sources */,
				06963E121C0315EE00D8A690 /* AppDelegate.swift in Sources */,
				06963E151C0315EE00D8A690 /* TweeterTags.xcdatamodeld in Sources */,
				06963E3B1C03160600D8A690 /* TwitterRequest.swift in Sources */,
				06963E3C1C03160600D8A690 /* User.swift in Sources */,
				06963E401C042CFA00D8A690 /* TweetTableViewCell.swift in Sources */,
			);
			runOnlyForDeploymentPostprocessing = 0;
		};
		06963E201C0315EE00D8A690 /* Sources */ = {
			isa = PBXSourcesBuildPhase;
			buildActionMask = 2147483647;
			files = (
				06963E2B1C0315EE00D8A690 /* TweeterTagsTests.swift in Sources */,
			);
			runOnlyForDeploymentPostprocessing = 0;
		};
/* End PBXSourcesBuildPhase section */

/* Begin PBXTargetDependency section */
		06963E261C0315EE00D8A690 /* PBXTargetDependency */ = {
			isa = PBXTargetDependency;
			target = 06963E0B1C0315EE00D8A690 /* TweeterTags */;
			targetProxy = 06963E251C0315EE00D8A690 /* PBXContainerItemProxy */;
		};
/* End PBXTargetDependency section */

/* Begin PBXVariantGroup section */
		06963E181C0315EE00D8A690 /* Main.storyboard */ = {
			isa = PBXVariantGroup;
			children = (
				06963E191C0315EE00D8A690 /* Base */,
			);
			name = Main.storyboard;
			sourceTree = "<group>";
		};
		06963E1D1C0315EE00D8A690 /* LaunchScreen.xib */ = {
			isa = PBXVariantGroup;
			children = (
				06963E1E1C0315EE00D8A690 /* Base */,
			);
			name = LaunchScreen.xib;
			sourceTree = "<group>";
		};
/* End PBXVariantGroup section */

/* Begin XCBuildConfiguration section */
		06963E2C1C0315EE00D8A690 /* Debug */ = {
			isa = XCBuildConfiguration;
			buildSettings = {
				ALWAYS_SEARCH_USER_PATHS = NO;
				CLANG_CXX_LANGUAGE_STANDARD = "gnu++0x";
				CLANG_CXX_LIBRARY = "libc++";
				CLANG_ENABLE_MODULES = YES;
				CLANG_ENABLE_OBJC_ARC = YES;
				CLANG_WARN_BOOL_CONVERSION = YES;
				CLANG_WARN_CONSTANT_CONVERSION = YES;
				CLANG_WARN_DIRECT_OBJC_ISA_USAGE = YES_ERROR;
				CLANG_WARN_EMPTY_BODY = YES;
				CLANG_WARN_ENUM_CONVERSION = YES;
				CLANG_WARN_INT_CONVERSION = YES;
				CLANG_WARN_OBJC_ROOT_CLASS = YES_ERROR;
				CLANG_WARN_UNREACHABLE_CODE = YES;
				CLANG_WARN__DUPLICATE_METHOD_MATCH = YES;
				"CODE_SIGN_IDENTITY[sdk=iphoneos*]" = "iPhone Developer";
				COPY_PHASE_STRIP = NO;
				DEBUG_INFORMATION_FORMAT = "dwarf-with-dsym";
				ENABLE_STRICT_OBJC_MSGSEND = YES;
				GCC_C_LANGUAGE_STANDARD = gnu99;
				GCC_DYNAMIC_NO_PIC = NO;
				GCC_NO_COMMON_BLOCKS = YES;
				GCC_OPTIMIZATION_LEVEL = 0;
				GCC_PREPROCESSOR_DEFINITIONS = (
					"DEBUG=1",
					"$(inherited)",
				);
				GCC_SYMBOLS_PRIVATE_EXTERN = NO;
				GCC_WARN_64_TO_32_BIT_CONVERSION = YES;
				GCC_WARN_ABOUT_RETURN_TYPE = YES_ERROR;
				GCC_WARN_UNDECLARED_SELECTOR = YES;
				GCC_WARN_UNINITIALIZED_AUTOS = YES_AGGRESSIVE;
				GCC_WARN_UNUSED_FUNCTION = YES;
				GCC_WARN_UNUSED_VARIABLE = YES;
				IPHONEOS_DEPLOYMENT_TARGET = 8.4;
				MTL_ENABLE_DEBUG_INFO = YES;
				ONLY_ACTIVE_ARCH = YES;
				SDKROOT = iphoneos;
				SWIFT_OPTIMIZATION_LEVEL = "-Onone";
				TARGETED_DEVICE_FAMILY = "1,2";
			};
			name = Debug;
		};
		06963E2D1C0315EE00D8A690 /* Release */ = {
			isa = XCBuildConfiguration;
			buildSettings = {
				ALWAYS_SEARCH_USER_PATHS = NO;
				CLANG_CXX_LANGUAGE_STANDARD = "gnu++0x";
				CLANG_CXX_LIBRARY = "libc++";
				CLANG_ENABLE_MODULES = YES;
				CLANG_ENABLE_OBJC_ARC = YES;
				CLANG_WARN_BOOL_CONVERSION = YES;
				CLANG_WARN_CONSTANT_CONVERSION = YES;
				CLANG_WARN_DIRECT_OBJC_ISA_USAGE = YES_ERROR;
				CLANG_WARN_EMPTY_BODY = YES;
				CLANG_WARN_ENUM_CONVERSION = YES;
				CLANG_WARN_INT_CONVERSION = YES;
				CLANG_WARN_OBJC_ROOT_CLASS = YES_ERROR;
				CLANG_WARN_UNREACHABLE_CODE = YES;
				CLANG_WARN__DUPLICATE_METHOD_MATCH = YES;
				"CODE_SIGN_IDENTITY[sdk=iphoneos*]" = "iPhone Developer";
				COPY_PHASE_STRIP = NO;
				DEBUG_INFORMATION_FORMAT = "dwarf-with-dsym";
				ENABLE_NS_ASSERTIONS = NO;
				ENABLE_STRICT_OBJC_MSGSEND = YES;
				GCC_C_LANGUAGE_STANDARD = gnu99;
				GCC_NO_COMMON_BLOCKS = YES;
				GCC_WARN_64_TO_32_BIT_CONVERSION = YES;
				GCC_WARN_ABOUT_RETURN_TYPE = YES_ERROR;
				GCC_WARN_UNDECLARED_SELECTOR = YES;
				GCC_WARN_UNINITIALIZED_AUTOS = YES_AGGRESSIVE;
				GCC_WARN_UNUSED_FUNCTION = YES;
				GCC_WARN_UNUSED_VARIABLE = YES;
				IPHONEOS_DEPLOYMENT_TARGET = 8.4;
				MTL_ENABLE_DEBUG_INFO = NO;
				SDKROOT = iphoneos;
				TARGETED_DEVICE_FAMILY = "1,2";
				VALIDATE_PRODUCT = YES;
			};
			name = Release;
		};
		06963E2F1C0315EE00D8A690 /* Debug */ = {
			isa = XCBuildConfiguration;
			buildSettings = {
				ASSETCATALOG_COMPILER_APPICON_NAME = AppIcon;
				INFOPLIST_FILE = TweeterTags/Info.plist;
				LD_RUNPATH_SEARCH_PATHS = "$(inherited) @executable_path/Frameworks";
				PRODUCT_NAME = "$(TARGET_NAME)";
			};
			name = Debug;
		};
		06963E301C0315EE00D8A690 /* Release */ = {
			isa = XCBuildConfiguration;
			buildSettings = {
				ASSETCATALOG_COMPILER_APPICON_NAME = AppIcon;
				INFOPLIST_FILE = TweeterTags/Info.plist;
				LD_RUNPATH_SEARCH_PATHS = "$(inherited) @executable_path/Frameworks";
				PRODUCT_NAME = "$(TARGET_NAME)";
			};
			name = Release;
		};
		06963E321C0315EE00D8A690 /* Debug */ = {
			isa = XCBuildConfiguration;
			buildSettings = {
				BUNDLE_LOADER = "$(TEST_HOST)";
				FRAMEWORK_SEARCH_PATHS = (
					"$(SDKROOT)/Developer/Library/Frameworks",
					"$(inherited)",
				);
				GCC_PREPROCESSOR_DEFINITIONS = (
					"DEBUG=1",
					"$(inherited)",
				);
				INFOPLIST_FILE = TweeterTagsTests/Info.plist;
				LD_RUNPATH_SEARCH_PATHS = "$(inherited) @executable_path/Frameworks @loader_path/Frameworks";
				PRODUCT_NAME = "$(TARGET_NAME)";
				TEST_HOST = "$(BUILT_PRODUCTS_DIR)/TweeterTags.app/TweeterTags";
			};
			name = Debug;
		};
		06963E331C0315EE00D8A690 /* Release */ = {
			isa = XCBuildConfiguration;
			buildSettings = {
				BUNDLE_LOADER = "$(TEST_HOST)";
				FRAMEWORK_SEARCH_PATHS = (
					"$(SDKROOT)/Developer/Library/Frameworks",
					"$(inherited)",
				);
				INFOPLIST_FILE = TweeterTagsTests/Info.plist;
				LD_RUNPATH_SEARCH_PATHS = "$(inherited) @executable_path/Frameworks @loader_path/Frameworks";
				PRODUCT_NAME = "$(TARGET_NAME)";
				TEST_HOST = "$(BUILT_PRODUCTS_DIR)/TweeterTags.app/TweeterTags";
			};
			name = Release;
		};
/* End XCBuildConfiguration section */

/* Begin XCConfigurationList section */
		06963E071C0315EE00D8A690 /* Build configuration list for PBXProject "TweeterTags" */ = {
			isa = XCConfigurationList;
			buildConfigurations = (
				06963E2C1C0315EE00D8A690 /* Debug */,
				06963E2D1C0315EE00D8A690 /* Release */,
			);
			defaultConfigurationIsVisible = 0;
			defaultConfigurationName = Release;
		};
		06963E2E1C0315EE00D8A690 /* Build configuration list for PBXNativeTarget "TweeterTags" */ = {
			isa = XCConfigurationList;
			buildConfigurations = (
				06963E2F1C0315EE00D8A690 /* Debug */,
				06963E301C0315EE00D8A690 /* Release */,
			);
			defaultConfigurationIsVisible = 0;
		};
		06963E311C0315EE00D8A690 /* Build configuration list for PBXNativeTarget "TweeterTagsTests" */ = {
			isa = XCConfigurationList;
			buildConfigurations = (
				06963E321C0315EE00D8A690 /* Debug */,
				06963E331C0315EE00D8A690 /* Release */,
			);
			defaultConfigurationIsVisible = 0;
		};
/* End XCConfigurationList section */

/* Begin XCVersionGroup section */
		06963E131C0315EE00D8A690 /* TweeterTags.xcdatamodeld */ = {
			isa = XCVersionGroup;
			children = (
				06963E141C0315EE00D8A690 /* TweeterTags.xcdatamodel */,
			);
			currentVersion = 06963E141C0315EE00D8A690 /* TweeterTags.xcdatamodel */;
			path = TweeterTags.xcdatamodeld;
			sourceTree = "<group>";
			versionGroupType = wrapper.xcdatamodel;
		};
/* End XCVersionGroup section */
	};
	rootObject = 06963E041C0315EE00D8A690 /* Project object */;
}
